<?xml version="1.0" encoding="utf-8"?>
<Project ToolsVersion="4.0" xmlns="http://schemas.microsoft.com/developer/msbuild/2003">
  <ItemGroup>
    <Filter Include="Build Files">
      <UniqueIdentifier>{432a9cec-6639-4b30-b248-45af386bcdf3}</UniqueIdentifier>
      <Extensions>bat;cmd;ps1;sh</Extensions>
    </Filter>
    <Filter Include="Header Files">
      <UniqueIdentifier>{dbc1b271-b138-4ce3-b60b-ae15bb00d312}</UniqueIdentifier>
      <Extensions>h;hh;hpp;hxx;h++;hm;inl;inc;ipp;xsd</Extensions>
    </Filter>
    <Filter Include="Other Files">
      <UniqueIdentifier>{2af9edd6-3597-488a-bb81-c5759106b3a8}</UniqueIdentifier>
      <Extensions>txt;log;doc</Extensions>
    </Filter>
    <Filter Include="Resource Files">
      <UniqueIdentifier>{3d127843-e59a-4913-aa10-3c6603ea4a8c}</UniqueIdentifier>
      <Extensions>rc;ico;cur;bmp;dlg;rc2;rct;bin;rgs;gif;jpg;jpeg;avif;jfif;resx;tiff;tif;png;wav;mfcribbon-ms;h;manifest</Extensions>
    </Filter>
    <Filter Include="Source Files">
      <UniqueIdentifier>{65c2ac86-e266-4e5a-949a-a0ed70e2ca6e}</UniqueIdentifier>
      <Extensions>cpp;c;cc;cxx;c++;cppm;ixx;def;odl;idl;hpj;asm;asmx</Extensions>
    </Filter>
    <Filter Include="Header Files\pcap">
      <UniqueIdentifier>{62cc0b6f-d1f2-4dd5-b132-a02d36a06740}</UniqueIdentifier>
    </Filter>
  </ItemGroup>
  <ItemGroup>
    <None Include="libpcap.Steps.bat">
      <Filter>Build Files</Filter>
    </None>
    <None Include="libpcap.Tests.bat">
      <Filter>Build Files</Filter>
    </None>
  </ItemGroup>
  <ItemGroup>
    <ClInclude Include="libpcap.h">
      <Filter>Header Files</Filter>
    </ClInclude>
    <ClInclude Include="pcap\bluetooth.h">
      <Filter>Header Files\pcap</Filter>
    </ClInclude>
    <ClInclude Include="pcap\bpf.h">
      <Filter>Header Files\pcap</Filter>
    </ClInclude>
    <ClInclude Include="pcap\can_socketcan.h">
      <Filter>Header Files\pcap</Filter>
    </ClInclude>
    <ClInclude Include="pcap\compiler-tests.h">
      <Filter>Header Files\pcap</Filter>
    </ClInclude>
    <ClInclude Include="pcap\dlt.h">
      <Filter>Header Files\pcap</Filter>
    </ClInclude>
    <ClInclude Include="pcap\funcattrs.h">
      <Filter>Header Files\pcap</Filter>
    </ClInclude>
    <ClInclude Include="pcap\ipnet.h">
      <Filter>Header Files\pcap</Filter>
    </ClInclude>
    <ClInclude Include="pcap\namedb.h">
      <Filter>Header Files\pcap</Filter>
    </ClInclude>
    <ClInclude Include="pcap\nflog.h">
      <Filter>Header Files\pcap</Filter>
    </ClInclude>
    <ClInclude Include="pcap\pcap.h">
      <Filter>Header Files\pcap</Filter>
    </ClInclude>
    <ClInclude Include="pcap\pcap-inttypes.h">
      <Filter>Header Files\pcap</Filter>
    </ClInclude>
    <ClInclude Include="pcap\sll.h">
      <Filter>Header Files\pcap</Filter>
    </ClInclude>
    <ClInclude Include="pcap\socket.h">
      <Filter>Header Files\pcap</Filter>
    </ClInclude>
    <ClInclude Include="pcap\usb.h">
      <Filter>Header Files\pcap</Filter>
    </ClInclude>
    <ClInclude Include="pcap\vlan.h">
      <Filter>Header Files\pcap</Filter>
    </ClInclude>
    <ClInclude Include="charconv.h">
      <Filter>Header Files</Filter>
    </ClInclude>
    <ClInclude Include="diag-control.h">
      <Filter>Header Files</Filter>
    </ClInclude>
    <ClInclude Include="dlpisubs.h">
      <Filter>Header Files</Filter>
    </ClInclude>
    <ClInclude Include="ethertype.h">
      <Filter>Header Files</Filter>
    </ClInclude>
    <ClInclude Include="extract.h">
      <Filter>Header Files</Filter>
    </ClInclude>
    <ClInclude Include="fmtutils.h">
      <Filter>Header Files</Filter>
    </ClInclude>
    <ClInclude Include="ftmacros.h">
      <Filter>Header Files</Filter>
    </ClInclude>
    <ClInclude Include="gencode.h">
      <Filter>Header Files</Filter>
    </ClInclude>
    <ClInclude Include="ieee80211.h">
      <Filter>Header Files</Filter>
    </ClInclude>
    <ClInclude Include="llc.h">
      <Filter>Header Files</Filter>
    </ClInclude>
    <ClInclude Include="nametoaddr.h">
      <Filter>Header Files</Filter>
    </ClInclude>
    <ClInclude Include="optimize.h">
      <Filter>Header Files</Filter>
    </ClInclude>
    <ClInclude Include="pcap.h">
      <Filter>Header Files</Filter>
    </ClInclude>
    <ClInclude Include="pcap-bpf.h">
      <Filter>Header Files</Filter>
    </ClInclude>
    <ClInclude Include="pcap-bt-linux.h">
      <Filter>Header Files</Filter>
    </ClInclude>
    <ClInclude Include="pcap-bt-monitor-linux.h">
      <Filter>Header Files</Filter>
    </ClInclude>
    <ClInclude Include="pcap-common.h">
      <Filter>Header Files</Filter>
    </ClInclude>
    <ClInclude Include="pcap-dag.h">
      <Filter>Header Files</Filter>
    </ClInclude>
    <ClInclude Include="pcap-dbus.h">
      <Filter>Header Files</Filter>
    </ClInclude>
    <ClInclude Include="pcap-dpdk.h">
      <Filter>Header Files</Filter>
    </ClInclude>
    <ClInclude Include="pcap-int.h">
      <Filter>Header Files</Filter>
    </ClInclude>
    <ClInclude Include="pcap-namedb.h">
      <Filter>Header Files</Filter>
    </ClInclude>
    <ClInclude Include="pcap-netfilter-linux.h">
      <Filter>Header Files</Filter>
    </ClInclude>
    <ClInclude Include="pcap-netmap.h">
      <Filter>Header Files</Filter>
    </ClInclude>
    <ClInclude Include="pcap-rdmasniff.h">
      <Filter>Header Files</Filter>
    </ClInclude>
    <ClInclude Include="pcap-rpcap.h">
      <Filter>Header Files</Filter>
    </ClInclude>
    <ClInclude Include="pcap-snf.h">
      <Filter>Header Files</Filter>
    </ClInclude>
    <ClInclude Include="pcap-types.h">
      <Filter>Header Files</Filter>
    </ClInclude>
    <ClInclude Include="pcap-usb-linux.h">
      <Filter>Header Files</Filter>
    </ClInclude>
    <ClInclude Include="pcap-usb-linux-common.h">
      <Filter>Header Files</Filter>
    </ClInclude>
    <ClInclude Include="pcap-util.h">
      <Filter>Header Files</Filter>
    </ClInclude>
    <ClInclude Include="pflog.h">
      <Filter>Header Files</Filter>
    </ClInclude>
    <ClInclude Include="portability.h">
      <Filter>Header Files</Filter>
    </ClInclude>
    <ClInclude Include="ppp.h">
      <Filter>Header Files</Filter>
    </ClInclude>
    <ClInclude Include="rpcap-protocol.h">
      <Filter>Header Files</Filter>
    </ClInclude>
    <ClInclude Include="sf-pcap.h">
      <Filter>Header Files</Filter>
    </ClInclude>
    <ClInclude Include="sf-pcapng.h">
      <Filter>Header Files</Filter>
    </ClInclude>
    <ClInclude Include="sockutils.h">
      <Filter>Header Files</Filter>
    </ClInclude>
    <ClInclude Include="sslutils.h">
      <Filter>Header Files</Filter>
    </ClInclude>
    <ClInclude Include="thread-local.h">
      <Filter>Header Files</Filter>
    </ClInclude>
    <ClInclude Include="varattrs.h">
      <Filter>Header Files</Filter>
    </ClInclude>
  </ItemGroup>
  <ItemGroup>
    <ClInclude Include="libpcap.resources.h">
      <Filter>Resource Files</Filter>
    </ClInclude>
  </ItemGroup>
  <ItemGroup>
    <Image Include="libpcap.ico">
      <Filter>Resource Files</Filter>
    </Image>
  </ItemGroup>
  <ItemGroup>
    <ResourceCompile Include="libpcap.rc">
      <Filter>Resource Files</Filter>
    </ResourceCompile>
  </ItemGroup>
  <ItemGroup>
    <ClCompile Include="libpcap.cpp">
      <Filter>Source Files</Filter>
    </ClCompile>
  </ItemGroup>
</Project>